
Microsoft Visual Studio Solution File, Format Version 12.00
# Visual Studio Version 17
VisualStudioVersion = 17.3.32922.545
MinimumVisualStudioVersion = 10.0.40219.1
Project("{9A19103F-16F7-4668-BE54-9A1E7A4F7556}") = "CarManagement.API", "CarManagement.API\CarManagement.API.csproj", "{CBD25FE5-56BC-4F6F-A94E-FA258C3F7233}"
EndProject
Project("{9A19103F-16F7-4668-BE54-9A1E7A4F7556}") = "CarManagement.DAL", "CarManagement.DAL\CarManagement.DAL.csproj", "{1979C335-08FF-4008-8DBF-042B45294104}"
EndProject
Project("{FAE04EC0-301F-11D3-BF4B-00C04F79EFBC}") = "CarManagement.Models", "CarManagement.Models\CarManagement.Models.csproj", "{AA15195C-7126-4296-AF29-7A43E93B16E2}"
EndProject
Global
	GlobalSection(SolutionConfigurationPlatforms) = preSolution
		Debug|Any CPU = Debug|Any CPU
		Release|Any CPU = Release|Any CPU
	EndGlobalSection
	GlobalSection(ProjectConfigurationPlatforms) = postSolution
		{CBD25FE5-56BC-4F6F-A94E-FA258C3F7233}.Debug|Any CPU.ActiveCfg = Debug|Any CPU
		{CBD25FE5-56BC-4F6F-A94E-FA258C3F7233}.Debug|Any CPU.Build.0 = Debug|Any CPU
		{CBD25FE5-56BC-4F6F-A94E-FA258C3F7233}.Release|Any CPU.ActiveCfg = Release|Any CPU
		{CBD25FE5-56BC-4F6F-A94E-FA258C3F7233}.Release|Any CPU.Build.0 = Release|Any CPU
		{1979C335-08FF-4008-8DBF-042B45294104}.Debug|Any CPU.ActiveCfg = Debug|Any CPU
		{1979C335-08FF-4008-8DBF-042B45294104}.Debug|Any CPU.Build.0 = Debug|Any CPU
		{1979C335-08FF-4008-8DBF-042B45294104}.Release|Any CPU.ActiveCfg = Release|Any CPU
		{1979C335-08FF-4008-8DBF-042B45294104}.Release|Any CPU.Build.0 = Release|Any CPU
		{AA15195C-7126-4296-AF29-7A43E93B16E2}.Debug|Any CPU.ActiveCfg = Debug|Any CPU
		{AA15195C-7126-4296-AF29-7A43E93B16E2}.Debug|Any CPU.Build.0 = Debug|Any CPU
		{AA15195C-7126-4296-AF29-7A43E93B16E2}.Release|Any CPU.ActiveCfg = Release|Any CPU
		{AA15195C-7126-4296-AF29-7A43E93B16E2}.Release|Any CPU.Build.0 = Release|Any CPU
	EndGlobalSection
	GlobalSection(SolutionProperties) = preSolution
		HideSolutionNode = FALSE
	EndGlobalSection
	GlobalSection(ExtensibilityGlobals) = postSolution
		SolutionGuid = {1D02E804-E57E-4AFD-815C-B0C2727865F4}
	EndGlobalSection
EndGlobal
